// !$*UTF8*$!
{
	archiveVersion = 1;
	classes = {
	};
	objectVersion = 55;
	objects = {

/* Begin PBXBuildFile section */
		084D7EB4E0BEF7D302DE5152 /* Pods_CherryTests.framework in Frameworks */ = {isa = PBXBuildFile; fileRef = 6CBB1CF0C4429AA7D48F2376 /* Pods_CherryTests.framework */; };
		4238175DFF010FEC5CC38AC2 /* Pods_Cherry_CherryUITests.framework in Frameworks */ = {isa = PBXBuildFile; fileRef = C3965B6F169C1E6709729737 /* Pods_Cherry_CherryUITests.framework */; };
		50B3247928E97B6C00F91AC8 /* TabBarViewController.swift in Sources */ = {isa = PBXBuildFile; fileRef = 50B3247828E97B6C00F91AC8 /* TabBarViewController.swift */; };
		50B3247D28E9830400F91AC8 /* Localizable.strings in Resources */ = {isa = PBXBuildFile; fileRef = 50B3247F28E9830400F91AC8 /* Localizable.strings */; };
		50B3249828E984B800F91AC8 /* UILabelExtension.swift in Sources */ = {isa = PBXBuildFile; fileRef = 50B3249728E984B800F91AC8 /* UILabelExtension.swift */; };
		50B3249B28E985E300F91AC8 /* InfoPlist.strings in Resources */ = {isa = PBXBuildFile; fileRef = 50B3249D28E985E300F91AC8 /* InfoPlist.strings */; };
		50B324A528E9878600F91AC8 /* ListVC_Home.swift in Sources */ = {isa = PBXBuildFile; fileRef = 50B324A328E9878600F91AC8 /* ListVC_Home.swift */; };
		50B324A628E9878600F91AC8 /* ListVC_Home.xib in Resources */ = {isa = PBXBuildFile; fileRef = 50B324A428E9878600F91AC8 /* ListVC_Home.xib */; };
		50B324A928E987B100F91AC8 /* HomeVC_Home.swift in Sources */ = {isa = PBXBuildFile; fileRef = 50B324A728E987B100F91AC8 /* HomeVC_Home.swift */; };
		50B324AA28E987B100F91AC8 /* HomeVC_Home.xib in Resources */ = {isa = PBXBuildFile; fileRef = 50B324A828E987B100F91AC8 /* HomeVC_Home.xib */; };
		50B324AD28E987D200F91AC8 /* MoneyVC_Home.swift in Sources */ = {isa = PBXBuildFile; fileRef = 50B324AB28E987D200F91AC8 /* MoneyVC_Home.swift */; };
		50B324AE28E987D200F91AC8 /* MoneyVC_Home.xib in Resources */ = {isa = PBXBuildFile; fileRef = 50B324AC28E987D200F91AC8 /* MoneyVC_Home.xib */; };
		50B324B028E987F400F91AC8 /* BaseVC.swift in Sources */ = {isa = PBXBuildFile; fileRef = 50B324AF28E987F400F91AC8 /* BaseVC.swift */; };
		50B324B328E9881000F91AC8 /* SettingVC_Home.swift in Sources */ = {isa = PBXBuildFile; fileRef = 50B324B128E9881000F91AC8 /* SettingVC_Home.swift */; };
		50B324B428E9881000F91AC8 /* SettingVC_Home.xib in Resources */ = {isa = PBXBuildFile; fileRef = 50B324B228E9881000F91AC8 /* SettingVC_Home.xib */; };
		50B324B628E98F4100F91AC8 /* UINavigationExtension.swift in Sources */ = {isa = PBXBuildFile; fileRef = 50B324B528E98F4100F91AC8 /* UINavigationExtension.swift */; };
		50B324BA28E993F800F91AC8 /* CherryDefine.swift in Sources */ = {isa = PBXBuildFile; fileRef = 50B324B928E993F800F91AC8 /* CherryDefine.swift */; };
		50B324BC28E9943A00F91AC8 /* UIColorExtension.swift in Sources */ = {isa = PBXBuildFile; fileRef = 50B324BB28E9943A00F91AC8 /* UIColorExtension.swift */; };
		50D71B3728BA04970030DE09 /* AppDelegate.swift in Sources */ = {isa = PBXBuildFile; fileRef = 50D71B3628BA04970030DE09 /* AppDelegate.swift */; };
		50D71B4028BA04980030DE09 /* Assets.xcassets in Resources */ = {isa = PBXBuildFile; fileRef = 50D71B3F28BA04980030DE09 /* Assets.xcassets */; };
		50D71B4328BA04980030DE09 /* LaunchScreen.storyboard in Resources */ = {isa = PBXBuildFile; fileRef = 50D71B4128BA04980030DE09 /* LaunchScreen.storyboard */; };
		50D71B4E28BA04980030DE09 /* CherryTests.swift in Sources */ = {isa = PBXBuildFile; fileRef = 50D71B4D28BA04980030DE09 /* CherryTests.swift */; };
		50D71B5828BA04980030DE09 /* CherryUITests.swift in Sources */ = {isa = PBXBuildFile; fileRef = 50D71B5728BA04980030DE09 /* CherryUITests.swift */; };
		50D71B5A28BA04980030DE09 /* CherryUITestsLaunchTests.swift in Sources */ = {isa = PBXBuildFile; fileRef = 50D71B5928BA04980030DE09 /* CherryUITestsLaunchTests.swift */; };
		7085C94CD529FCFEC02234B0 /* Pods_Cherry.framework in Frameworks */ = {isa = PBXBuildFile; fileRef = 3E62913CFD40879A5A4C84AE /* Pods_Cherry.framework */; };
		D111A89E293B5B0A0005F5D2 /* UIViewExtension.swift in Sources */ = {isa = PBXBuildFile; fileRef = D111A89D293B5B0A0005F5D2 /* UIViewExtension.swift */; };
		D11D5A032946084500E2104E /* UIButtonExtension.swift in Sources */ = {isa = PBXBuildFile; fileRef = D11D5A022946084500E2104E /* UIButtonExtension.swift */; };
		D11D5A0529460D3300E2104E /* DateExtension.swift in Sources */ = {isa = PBXBuildFile; fileRef = D11D5A0429460D3300E2104E /* DateExtension.swift */; };
		D19E5F27292A403800C469E7 /* hannotate-tc.otf in Resources */ = {isa = PBXBuildFile; fileRef = D19E5F26292A403800C469E7 /* hannotate-tc.otf */; };
		D19E5F28292A403800C469E7 /* hannotate-tc.otf in Resources */ = {isa = PBXBuildFile; fileRef = D19E5F26292A403800C469E7 /* hannotate-tc.otf */; };
		D19E5F29292A403800C469E7 /* hannotate-tc.otf in Resources */ = {isa = PBXBuildFile; fileRef = D19E5F26292A403800C469E7 /* hannotate-tc.otf */; };
		D19E5F2B292A414400C469E7 /* hannotate-tc-bold.otf in Resources */ = {isa = PBXBuildFile; fileRef = D19E5F2A292A414400C469E7 /* hannotate-tc-bold.otf */; };
		D19E5F2C292A414400C469E7 /* hannotate-tc-bold.otf in Resources */ = {isa = PBXBuildFile; fileRef = D19E5F2A292A414400C469E7 /* hannotate-tc-bold.otf */; };
		D19E5F2D292A414400C469E7 /* hannotate-tc-bold.otf in Resources */ = {isa = PBXBuildFile; fileRef = D19E5F2A292A414400C469E7 /* hannotate-tc-bold.otf */; };
		D1D258912944773A005458CA /* UITextFieldExtension.swift in Sources */ = {isa = PBXBuildFile; fileRef = D1D258902944773A005458CA /* UITextFieldExtension.swift */; };
		D1D258932945EF06005458CA /* UISegmentedControlExtension.swift in Sources */ = {isa = PBXBuildFile; fileRef = D1D258922945EF06005458CA /* UISegmentedControlExtension.swift */; };
		D1D258952945EFF5005458CA /* UITextViewExtension.swift in Sources */ = {isa = PBXBuildFile; fileRef = D1D258942945EFF5005458CA /* UITextViewExtension.swift */; };
		D1D258972945F20A005458CA /* Configuration.swift in Sources */ = {isa = PBXBuildFile; fileRef = D1D258962945F20A005458CA /* Configuration.swift */; };
		D1D2589D294602AE005458CA /* DatePickerVC.swift in Sources */ = {isa = PBXBuildFile; fileRef = D1D2589B294602AE005458CA /* DatePickerVC.swift */; };
		D1D2589E294602AE005458CA /* DatePickerVC.xib in Resources */ = {isa = PBXBuildFile; fileRef = D1D2589C294602AE005458CA /* DatePickerVC.xib */; };
/* End PBXBuildFile section */

/* Begin PBXContainerItemProxy section */
		50D71B4A28BA04980030DE09 /* PBXContainerItemProxy */ = {
			isa = PBXContainerItemProxy;
			containerPortal = 50D71B2B28BA04970030DE09 /* Project object */;
			proxyType = 1;
			remoteGlobalIDString = 50D71B3228BA04970030DE09;
			remoteInfo = Cherry;
		};
		50D71B5428BA04980030DE09 /* PBXContainerItemProxy */ = {
			isa = PBXContainerItemProxy;
			containerPortal = 50D71B2B28BA04970030DE09 /* Project object */;
			proxyType = 1;
			remoteGlobalIDString = 50D71B3228BA04970030DE09;
			remoteInfo = Cherry;
		};
/* End PBXContainerItemProxy section */

/* Begin PBXFileReference section */
		3E0042FE71DFC49350EE5F2D /* Pods-CherryTests.release.xcconfig */ = {isa = PBXFileReference; includeInIndex = 1; lastKnownFileType = text.xcconfig; name = "Pods-CherryTests.release.xcconfig"; path = "Target Support Files/Pods-CherryTests/Pods-CherryTests.release.xcconfig"; sourceTree = "<group>"; };
		3E62913CFD40879A5A4C84AE /* Pods_Cherry.framework */ = {isa = PBXFileReference; explicitFileType = wrapper.framework; includeInIndex = 0; path = Pods_Cherry.framework; sourceTree = BUILT_PRODUCTS_DIR; };
		4F20A42BABED88CF451E4201 /* Pods-Cherry-CherryUITests.release.xcconfig */ = {isa = PBXFileReference; includeInIndex = 1; lastKnownFileType = text.xcconfig; name = "Pods-Cherry-CherryUITests.release.xcconfig"; path = "Target Support Files/Pods-Cherry-CherryUITests/Pods-Cherry-CherryUITests.release.xcconfig"; sourceTree = "<group>"; };
		50B3247828E97B6C00F91AC8 /* TabBarViewController.swift */ = {isa = PBXFileReference; lastKnownFileType = sourcecode.swift; path = TabBarViewController.swift; sourceTree = "<group>"; };
		50B3247A28E982A400F91AC8 /* zh-Hant */ = {isa = PBXFileReference; lastKnownFileType = text.plist.strings; name = "zh-Hant"; path = "zh-Hant.lproj/LaunchScreen.strings"; sourceTree = "<group>"; };
		50B3247E28E9830400F91AC8 /* en */ = {isa = PBXFileReference; lastKnownFileType = text.plist.strings; name = en; path = en.lproj/Localizable.strings; sourceTree = "<group>"; };
		50B3249128E983C600F91AC8 /* zh-Hant */ = {isa = PBXFileReference; lastKnownFileType = text.plist.strings; name = "zh-Hant"; path = "zh-Hant.lproj/Localizable.strings"; sourceTree = "<group>"; };
		50B3249728E984B800F91AC8 /* UILabelExtension.swift */ = {isa = PBXFileReference; lastKnownFileType = sourcecode.swift; path = UILabelExtension.swift; sourceTree = "<group>"; };
		50B3249C28E985E300F91AC8 /* en */ = {isa = PBXFileReference; lastKnownFileType = text.plist.strings; name = en; path = en.lproj/InfoPlist.strings; sourceTree = "<group>"; };
		50B3249E28E985E600F91AC8 /* zh-Hant */ = {isa = PBXFileReference; lastKnownFileType = text.plist.strings; name = "zh-Hant"; path = "zh-Hant.lproj/InfoPlist.strings"; sourceTree = "<group>"; };
		50B324A328E9878600F91AC8 /* ListVC_Home.swift */ = {isa = PBXFileReference; lastKnownFileType = sourcecode.swift; path = ListVC_Home.swift; sourceTree = "<group>"; };
		50B324A428E9878600F91AC8 /* ListVC_Home.xib */ = {isa = PBXFileReference; lastKnownFileType = file.xib; path = ListVC_Home.xib; sourceTree = "<group>"; };
		50B324A728E987B100F91AC8 /* HomeVC_Home.swift */ = {isa = PBXFileReference; lastKnownFileType = sourcecode.swift; path = HomeVC_Home.swift; sourceTree = "<group>"; };
		50B324A828E987B100F91AC8 /* HomeVC_Home.xib */ = {isa = PBXFileReference; lastKnownFileType = file.xib; path = HomeVC_Home.xib; sourceTree = "<group>"; };
		50B324AB28E987D200F91AC8 /* MoneyVC_Home.swift */ = {isa = PBXFileReference; lastKnownFileType = sourcecode.swift; path = MoneyVC_Home.swift; sourceTree = "<group>"; };
		50B324AC28E987D200F91AC8 /* MoneyVC_Home.xib */ = {isa = PBXFileReference; lastKnownFileType = file.xib; path = MoneyVC_Home.xib; sourceTree = "<group>"; };
		50B324AF28E987F400F91AC8 /* BaseVC.swift */ = {isa = PBXFileReference; lastKnownFileType = sourcecode.swift; path = BaseVC.swift; sourceTree = "<group>"; };
		50B324B128E9881000F91AC8 /* SettingVC_Home.swift */ = {isa = PBXFileReference; lastKnownFileType = sourcecode.swift; path = SettingVC_Home.swift; sourceTree = "<group>"; };
		50B324B228E9881000F91AC8 /* SettingVC_Home.xib */ = {isa = PBXFileReference; lastKnownFileType = file.xib; path = SettingVC_Home.xib; sourceTree = "<group>"; };
		50B324B528E98F4100F91AC8 /* UINavigationExtension.swift */ = {isa = PBXFileReference; lastKnownFileType = sourcecode.swift; path = UINavigationExtension.swift; sourceTree = "<group>"; };
		50B324B928E993F800F91AC8 /* CherryDefine.swift */ = {isa = PBXFileReference; lastKnownFileType = sourcecode.swift; path = CherryDefine.swift; sourceTree = "<group>"; };
		50B324BB28E9943A00F91AC8 /* UIColorExtension.swift */ = {isa = PBXFileReference; lastKnownFileType = sourcecode.swift; path = UIColorExtension.swift; sourceTree = "<group>"; };
		50D71B3328BA04970030DE09 /* Cherry.app */ = {isa = PBXFileReference; explicitFileType = wrapper.application; includeInIndex = 0; path = Cherry.app; sourceTree = BUILT_PRODUCTS_DIR; };
		50D71B3628BA04970030DE09 /* AppDelegate.swift */ = {isa = PBXFileReference; lastKnownFileType = sourcecode.swift; path = AppDelegate.swift; sourceTree = "<group>"; };
		50D71B3F28BA04980030DE09 /* Assets.xcassets */ = {isa = PBXFileReference; lastKnownFileType = folder.assetcatalog; path = Assets.xcassets; sourceTree = "<group>"; };
		50D71B4228BA04980030DE09 /* Base */ = {isa = PBXFileReference; lastKnownFileType = file.storyboard; name = Base; path = Base.lproj/LaunchScreen.storyboard; sourceTree = "<group>"; };
		50D71B4428BA04980030DE09 /* Info.plist */ = {isa = PBXFileReference; lastKnownFileType = text.plist.xml; path = Info.plist; sourceTree = "<group>"; };
		50D71B4928BA04980030DE09 /* CherryTests.xctest */ = {isa = PBXFileReference; explicitFileType = wrapper.cfbundle; includeInIndex = 0; path = CherryTests.xctest; sourceTree = BUILT_PRODUCTS_DIR; };
		50D71B4D28BA04980030DE09 /* CherryTests.swift */ = {isa = PBXFileReference; lastKnownFileType = sourcecode.swift; path = CherryTests.swift; sourceTree = "<group>"; };
		50D71B5328BA04980030DE09 /* CherryUITests.xctest */ = {isa = PBXFileReference; explicitFileType = wrapper.cfbundle; includeInIndex = 0; path = CherryUITests.xctest; sourceTree = BUILT_PRODUCTS_DIR; };
		50D71B5728BA04980030DE09 /* CherryUITests.swift */ = {isa = PBXFileReference; lastKnownFileType = sourcecode.swift; path = CherryUITests.swift; sourceTree = "<group>"; };
		50D71B5928BA04980030DE09 /* CherryUITestsLaunchTests.swift */ = {isa = PBXFileReference; lastKnownFileType = sourcecode.swift; path = CherryUITestsLaunchTests.swift; sourceTree = "<group>"; };
		551862645CF1FD66492D020B /* Pods-Cherry.debug.xcconfig */ = {isa = PBXFileReference; includeInIndex = 1; lastKnownFileType = text.xcconfig; name = "Pods-Cherry.debug.xcconfig"; path = "Target Support Files/Pods-Cherry/Pods-Cherry.debug.xcconfig"; sourceTree = "<group>"; };
		6CBB1CF0C4429AA7D48F2376 /* Pods_CherryTests.framework */ = {isa = PBXFileReference; explicitFileType = wrapper.framework; includeInIndex = 0; path = Pods_CherryTests.framework; sourceTree = BUILT_PRODUCTS_DIR; };
		AB9F048C98367531EA80BD58 /* Pods-Cherry.release.xcconfig */ = {isa = PBXFileReference; includeInIndex = 1; lastKnownFileType = text.xcconfig; name = "Pods-Cherry.release.xcconfig"; path = "Target Support Files/Pods-Cherry/Pods-Cherry.release.xcconfig"; sourceTree = "<group>"; };
		AFD959A698572654F4835E3C /* Pods-Cherry-CherryUITests.debug.xcconfig */ = {isa = PBXFileReference; includeInIndex = 1; lastKnownFileType = text.xcconfig; name = "Pods-Cherry-CherryUITests.debug.xcconfig"; path = "Target Support Files/Pods-Cherry-CherryUITests/Pods-Cherry-CherryUITests.debug.xcconfig"; sourceTree = "<group>"; };
		C3965B6F169C1E6709729737 /* Pods_Cherry_CherryUITests.framework */ = {isa = PBXFileReference; explicitFileType = wrapper.framework; includeInIndex = 0; path = Pods_Cherry_CherryUITests.framework; sourceTree = BUILT_PRODUCTS_DIR; };
		D111A89D293B5B0A0005F5D2 /* UIViewExtension.swift */ = {isa = PBXFileReference; lastKnownFileType = sourcecode.swift; path = UIViewExtension.swift; sourceTree = "<group>"; };
		D11D5A022946084500E2104E /* UIButtonExtension.swift */ = {isa = PBXFileReference; lastKnownFileType = sourcecode.swift; path = UIButtonExtension.swift; sourceTree = "<group>"; };
		D11D5A0429460D3300E2104E /* DateExtension.swift */ = {isa = PBXFileReference; lastKnownFileType = sourcecode.swift; path = DateExtension.swift; sourceTree = "<group>"; };
		D19E5F26292A403800C469E7 /* hannotate-tc.otf */ = {isa = PBXFileReference; lastKnownFileType = file; path = "hannotate-tc.otf"; sourceTree = "<group>"; };
		D19E5F2A292A414400C469E7 /* hannotate-tc-bold.otf */ = {isa = PBXFileReference; lastKnownFileType = file; path = "hannotate-tc-bold.otf"; sourceTree = "<group>"; };
		D1D258902944773A005458CA /* UITextFieldExtension.swift */ = {isa = PBXFileReference; lastKnownFileType = sourcecode.swift; path = UITextFieldExtension.swift; sourceTree = "<group>"; };
		D1D258922945EF06005458CA /* UISegmentedControlExtension.swift */ = {isa = PBXFileReference; lastKnownFileType = sourcecode.swift; path = UISegmentedControlExtension.swift; sourceTree = "<group>"; };
		D1D258942945EFF5005458CA /* UITextViewExtension.swift */ = {isa = PBXFileReference; lastKnownFileType = sourcecode.swift; path = UITextViewExtension.swift; sourceTree = "<group>"; };
		D1D258962945F20A005458CA /* Configuration.swift */ = {isa = PBXFileReference; lastKnownFileType = sourcecode.swift; path = Configuration.swift; sourceTree = "<group>"; };
		D1D2589B294602AE005458CA /* DatePickerVC.swift */ = {isa = PBXFileReference; lastKnownFileType = sourcecode.swift; path = DatePickerVC.swift; sourceTree = "<group>"; };
		D1D2589C294602AE005458CA /* DatePickerVC.xib */ = {isa = PBXFileReference; lastKnownFileType = file.xib; path = DatePickerVC.xib; sourceTree = "<group>"; };
		E2586947A64DE917B2733F97 /* Pods-CherryTests.debug.xcconfig */ = {isa = PBXFileReference; includeInIndex = 1; lastKnownFileType = text.xcconfig; name = "Pods-CherryTests.debug.xcconfig"; path = "Target Support Files/Pods-CherryTests/Pods-CherryTests.debug.xcconfig"; sourceTree = "<group>"; };
/* End PBXFileReference section */

/* Begin PBXFrameworksBuildPhase section */
		50D71B3028BA04970030DE09 /* Frameworks */ = {
			isa = PBXFrameworksBuildPhase;
			buildActionMask = 2147483647;
			files = (
				7085C94CD529FCFEC02234B0 /* Pods_Cherry.framework in Frameworks */,
			);
			runOnlyForDeploymentPostprocessing = 0;
		};
		50D71B4628BA04980030DE09 /* Frameworks */ = {
			isa = PBXFrameworksBuildPhase;
			buildActionMask = 2147483647;
			files = (
				084D7EB4E0BEF7D302DE5152 /* Pods_CherryTests.framework in Frameworks */,
			);
			runOnlyForDeploymentPostprocessing = 0;
		};
		50D71B5028BA04980030DE09 /* Frameworks */ = {
			isa = PBXFrameworksBuildPhase;
			buildActionMask = 2147483647;
			files = (
				4238175DFF010FEC5CC38AC2 /* Pods_Cherry_CherryUITests.framework in Frameworks */,
			);
			runOnlyForDeploymentPostprocessing = 0;
		};
/* End PBXFrameworksBuildPhase section */

/* Begin PBXGroup section */
		5058DD0B28E97960004531AB /* ViewControllers */ = {
			isa = PBXGroup;
			children = (
				50B3247428E97ADF00F91AC8 /* Base */,
				50B3247728E97B2300F91AC8 /* TabBar */,
				50B3249F28E9871500F91AC8 /* Home */,
				50B324A028E9871A00F91AC8 /* Money */,
				50B324A128E9871E00F91AC8 /* List */,
				50B324A228E9872500F91AC8 /* Setting */,
			);
			path = ViewControllers;
			sourceTree = "<group>";
		};
		50B3247428E97ADF00F91AC8 /* Base */ = {
			isa = PBXGroup;
			children = (
				50B324AF28E987F400F91AC8 /* BaseVC.swift */,
				D1D2589B294602AE005458CA /* DatePickerVC.swift */,
				D1D2589C294602AE005458CA /* DatePickerVC.xib */,
			);
			path = Base;
			sourceTree = "<group>";
		};
		50B3247728E97B2300F91AC8 /* TabBar */ = {
			isa = PBXGroup;
			children = (
				50B3247828E97B6C00F91AC8 /* TabBarViewController.swift */,
			);
			path = TabBar;
			sourceTree = "<group>";
		};
		50B3249628E984A000F91AC8 /* Extensions */ = {
			isa = PBXGroup;
			children = (
				50B3249728E984B800F91AC8 /* UILabelExtension.swift */,
				50B324B528E98F4100F91AC8 /* UINavigationExtension.swift */,
				50B324BB28E9943A00F91AC8 /* UIColorExtension.swift */,
				D111A89D293B5B0A0005F5D2 /* UIViewExtension.swift */,
				D1D258902944773A005458CA /* UITextFieldExtension.swift */,
				D1D258922945EF06005458CA /* UISegmentedControlExtension.swift */,
				D1D258942945EFF5005458CA /* UITextViewExtension.swift */,
				D11D5A022946084500E2104E /* UIButtonExtension.swift */,
				D11D5A0429460D3300E2104E /* DateExtension.swift */,
			);
			path = Extensions;
			sourceTree = "<group>";
		};
		50B3249F28E9871500F91AC8 /* Home */ = {
			isa = PBXGroup;
			children = (
				50B324A728E987B100F91AC8 /* HomeVC_Home.swift */,
				50B324A828E987B100F91AC8 /* HomeVC_Home.xib */,
			);
			path = Home;
			sourceTree = "<group>";
		};
		50B324A028E9871A00F91AC8 /* Money */ = {
			isa = PBXGroup;
			children = (
				50B324AB28E987D200F91AC8 /* MoneyVC_Home.swift */,
				50B324AC28E987D200F91AC8 /* MoneyVC_Home.xib */,
			);
			path = Money;
			sourceTree = "<group>";
		};
		50B324A128E9871E00F91AC8 /* List */ = {
			isa = PBXGroup;
			children = (
				50B324A328E9878600F91AC8 /* ListVC_Home.swift */,
				50B324A428E9878600F91AC8 /* ListVC_Home.xib */,
			);
			path = List;
			sourceTree = "<group>";
		};
		50B324A228E9872500F91AC8 /* Setting */ = {
			isa = PBXGroup;
			children = (
				50B324B128E9881000F91AC8 /* SettingVC_Home.swift */,
				50B324B228E9881000F91AC8 /* SettingVC_Home.xib */,
			);
			path = Setting;
			sourceTree = "<group>";
		};
		50B324B828E993E700F91AC8 /* Objects */ = {
			isa = PBXGroup;
			children = (
				50B324B928E993F800F91AC8 /* CherryDefine.swift */,
				D1D258962945F20A005458CA /* Configuration.swift */,
			);
			path = Objects;
			sourceTree = "<group>";
		};
		50D71B2A28BA04970030DE09 = {
			isa = PBXGroup;
			children = (
				50D71B3528BA04970030DE09 /* Cherry */,
				50D71B4C28BA04980030DE09 /* CherryTests */,
				50D71B5628BA04980030DE09 /* CherryUITests */,
				50D71B3428BA04970030DE09 /* Products */,
				62BD191B5A4B4D80A39BF086 /* Pods */,
				DA6D058A24A64A00AD85145E /* Frameworks */,
			);
			sourceTree = "<group>";
		};
		50D71B3428BA04970030DE09 /* Products */ = {
			isa = PBXGroup;
			children = (
				50D71B3328BA04970030DE09 /* Cherry.app */,
				50D71B4928BA04980030DE09 /* CherryTests.xctest */,
				50D71B5328BA04980030DE09 /* CherryUITests.xctest */,
			);
			name = Products;
			sourceTree = "<group>";
		};
		50D71B3528BA04970030DE09 /* Cherry */ = {
			isa = PBXGroup;
			children = (
				50D71B3F28BA04980030DE09 /* Assets.xcassets */,
				D1D2589A2945F3A8005458CA /* AppDelegate */,
				D10EFF23292A3EE4003AB7F5 /* fonts */,
				50D71B4128BA04980030DE09 /* LaunchScreen.storyboard */,
				50B3249D28E985E300F91AC8 /* InfoPlist.strings */,
				50B3247F28E9830400F91AC8 /* Localizable.strings */,
				50D71B4428BA04980030DE09 /* Info.plist */,
				50B324B828E993E700F91AC8 /* Objects */,
				50B3249628E984A000F91AC8 /* Extensions */,
				5058DD0B28E97960004531AB /* ViewControllers */,
			);
			path = Cherry;
			sourceTree = "<group>";
		};
		50D71B4C28BA04980030DE09 /* CherryTests */ = {
			isa = PBXGroup;
			children = (
				50D71B4D28BA04980030DE09 /* CherryTests.swift */,
			);
			path = CherryTests;
			sourceTree = "<group>";
		};
		50D71B5628BA04980030DE09 /* CherryUITests */ = {
			isa = PBXGroup;
			children = (
				50D71B5728BA04980030DE09 /* CherryUITests.swift */,
				50D71B5928BA04980030DE09 /* CherryUITestsLaunchTests.swift */,
			);
			path = CherryUITests;
			sourceTree = "<group>";
		};
		62BD191B5A4B4D80A39BF086 /* Pods */ = {
			isa = PBXGroup;
			children = (
				551862645CF1FD66492D020B /* Pods-Cherry.debug.xcconfig */,
				AB9F048C98367531EA80BD58 /* Pods-Cherry.release.xcconfig */,
				AFD959A698572654F4835E3C /* Pods-Cherry-CherryUITests.debug.xcconfig */,
				4F20A42BABED88CF451E4201 /* Pods-Cherry-CherryUITests.release.xcconfig */,
				E2586947A64DE917B2733F97 /* Pods-CherryTests.debug.xcconfig */,
				3E0042FE71DFC49350EE5F2D /* Pods-CherryTests.release.xcconfig */,
			);
			path = Pods;
			sourceTree = "<group>";
		};
		D10EFF23292A3EE4003AB7F5 /* fonts */ = {
			isa = PBXGroup;
			children = (
				D19E5F2A292A414400C469E7 /* hannotate-tc-bold.otf */,
				D19E5F26292A403800C469E7 /* hannotate-tc.otf */,
			);
			path = fonts;
			sourceTree = "<group>";
		};
		D1D2589A2945F3A8005458CA /* AppDelegate */ = {
			isa = PBXGroup;
			children = (
				50D71B3628BA04970030DE09 /* AppDelegate.swift */,
			);
			path = AppDelegate;
			sourceTree = "<group>";
		};
		DA6D058A24A64A00AD85145E /* Frameworks */ = {
			isa = PBXGroup;
			children = (
				3E62913CFD40879A5A4C84AE /* Pods_Cherry.framework */,
				C3965B6F169C1E6709729737 /* Pods_Cherry_CherryUITests.framework */,
				6CBB1CF0C4429AA7D48F2376 /* Pods_CherryTests.framework */,
			);
			name = Frameworks;
			sourceTree = "<group>";
		};
/* End PBXGroup section */

/* Begin PBXNativeTarget section */
		50D71B3228BA04970030DE09 /* Cherry */ = {
			isa = PBXNativeTarget;
			buildConfigurationList = 50D71B5D28BA04980030DE09 /* Build configuration list for PBXNativeTarget "Cherry" */;
			buildPhases = (
				E0F5017B174F2BE755435B51 /* [CP] Check Pods Manifest.lock */,
				50D71B2F28BA04970030DE09 /* Sources */,
				50D71B3028BA04970030DE09 /* Frameworks */,
				50D71B3128BA04970030DE09 /* Resources */,
				71A433BB48D98EAFDB213D21 /* [CP] Embed Pods Frameworks */,
			);
			buildRules = (
			);
			dependencies = (
			);
			name = Cherry;
			productName = Cherry;
			productReference = 50D71B3328BA04970030DE09 /* Cherry.app */;
			productType = "com.apple.product-type.application";
		};
		50D71B4828BA04980030DE09 /* CherryTests */ = {
			isa = PBXNativeTarget;
			buildConfigurationList = 50D71B6028BA04980030DE09 /* Build configuration list for PBXNativeTarget "CherryTests" */;
			buildPhases = (
				40AF7245844DD1A4C0AAF483 /* [CP] Check Pods Manifest.lock */,
				50D71B4528BA04980030DE09 /* Sources */,
				50D71B4628BA04980030DE09 /* Frameworks */,
				50D71B4728BA04980030DE09 /* Resources */,
			);
			buildRules = (
			);
			dependencies = (
				50D71B4B28BA04980030DE09 /* PBXTargetDependency */,
			);
			name = CherryTests;
			productName = CherryTests;
			productReference = 50D71B4928BA04980030DE09 /* CherryTests.xctest */;
			productType = "com.apple.product-type.bundle.unit-test";
		};
		50D71B5228BA04980030DE09 /* CherryUITests */ = {
			isa = PBXNativeTarget;
			buildConfigurationList = 50D71B6328BA04980030DE09 /* Build configuration list for PBXNativeTarget "CherryUITests" */;
			buildPhases = (
				D8872CD33A6B1F8952FED348 /* [CP] Check Pods Manifest.lock */,
				50D71B4F28BA04980030DE09 /* Sources */,
				50D71B5028BA04980030DE09 /* Frameworks */,
				50D71B5128BA04980030DE09 /* Resources */,
				DF133078A442057C483DCD9D /* [CP] Embed Pods Frameworks */,
			);
			buildRules = (
			);
			dependencies = (
				50D71B5528BA04980030DE09 /* PBXTargetDependency */,
			);
			name = CherryUITests;
			productName = CherryUITests;
			productReference = 50D71B5328BA04980030DE09 /* CherryUITests.xctest */;
			productType = "com.apple.product-type.bundle.ui-testing";
		};
/* End PBXNativeTarget section */

/* Begin PBXProject section */
		50D71B2B28BA04970030DE09 /* Project object */ = {
			isa = PBXProject;
			attributes = {
				BuildIndependentTargetsInParallel = 1;
				LastSwiftUpdateCheck = 1340;
				LastUpgradeCheck = 1340;
				TargetAttributes = {
					50D71B3228BA04970030DE09 = {
						CreatedOnToolsVersion = 13.4.1;
					};
					50D71B4828BA04980030DE09 = {
						CreatedOnToolsVersion = 13.4.1;
						TestTargetID = 50D71B3228BA04970030DE09;
					};
					50D71B5228BA04980030DE09 = {
						CreatedOnToolsVersion = 13.4.1;
						TestTargetID = 50D71B3228BA04970030DE09;
					};
				};
			};
			buildConfigurationList = 50D71B2E28BA04970030DE09 /* Build configuration list for PBXProject "Cherry" */;
			compatibilityVersion = "Xcode 13.0";
			developmentRegion = en;
			hasScannedForEncodings = 0;
			knownRegions = (
				en,
				Base,
				"zh-Hant",
			);
			mainGroup = 50D71B2A28BA04970030DE09;
			productRefGroup = 50D71B3428BA04970030DE09 /* Products */;
			projectDirPath = "";
			projectRoot = "";
			targets = (
				50D71B3228BA04970030DE09 /* Cherry */,
				50D71B4828BA04980030DE09 /* CherryTests */,
				50D71B5228BA04980030DE09 /* CherryUITests */,
			);
		};
/* End PBXProject section */

/* Begin PBXResourcesBuildPhase section */
		50D71B3128BA04970030DE09 /* Resources */ = {
			isa = PBXResourcesBuildPhase;
			buildActionMask = 2147483647;
			files = (
				50B324AA28E987B100F91AC8 /* HomeVC_Home.xib in Resources */,
				50D71B4328BA04980030DE09 /* LaunchScreen.storyboard in Resources */,
				D19E5F2B292A414400C469E7 /* hannotate-tc-bold.otf in Resources */,
				50B324B428E9881000F91AC8 /* SettingVC_Home.xib in Resources */,
				D1D2589E294602AE005458CA /* DatePickerVC.xib in Resources */,
				D19E5F27292A403800C469E7 /* hannotate-tc.otf in Resources */,
				50B324A628E9878600F91AC8 /* ListVC_Home.xib in Resources */,
				50B3247D28E9830400F91AC8 /* Localizable.strings in Resources */,
				50D71B4028BA04980030DE09 /* Assets.xcassets in Resources */,
				50B3249B28E985E300F91AC8 /* InfoPlist.strings in Resources */,
				50B324AE28E987D200F91AC8 /* MoneyVC_Home.xib in Resources */,
			);
			runOnlyForDeploymentPostprocessing = 0;
		};
		50D71B4728BA04980030DE09 /* Resources */ = {
			isa = PBXResourcesBuildPhase;
			buildActionMask = 2147483647;
			files = (
				D19E5F2C292A414400C469E7 /* hannotate-tc-bold.otf in Resources */,
				D19E5F28292A403800C469E7 /* hannotate-tc.otf in Resources */,
			);
			runOnlyForDeploymentPostprocessing = 0;
		};
		50D71B5128BA04980030DE09 /* Resources */ = {
			isa = PBXResourcesBuildPhase;
			buildActionMask = 2147483647;
			files = (
				D19E5F2D292A414400C469E7 /* hannotate-tc-bold.otf in Resources */,
				D19E5F29292A403800C469E7 /* hannotate-tc.otf in Resources */,
			);
			runOnlyForDeploymentPostprocessing = 0;
		};
/* End PBXResourcesBuildPhase section */

/* Begin PBXShellScriptBuildPhase section */
		40AF7245844DD1A4C0AAF483 /* [CP] Check Pods Manifest.lock */ = {
			isa = PBXShellScriptBuildPhase;
			buildActionMask = 2147483647;
			files = (
			);
			inputFileListPaths = (
			);
			inputPaths = (
				"${PODS_PODFILE_DIR_PATH}/Podfile.lock",
				"${PODS_ROOT}/Manifest.lock",
			);
			name = "[CP] Check Pods Manifest.lock";
			outputFileListPaths = (
			);
			outputPaths = (
				"$(DERIVED_FILE_DIR)/Pods-CherryTests-checkManifestLockResult.txt",
			);
			runOnlyForDeploymentPostprocessing = 0;
			shellPath = /bin/sh;
			shellScript = "diff \"${PODS_PODFILE_DIR_PATH}/Podfile.lock\" \"${PODS_ROOT}/Manifest.lock\" > /dev/null\nif [ $? != 0 ] ; then\n    # print error to STDERR\n    echo \"error: The sandbox is not in sync with the Podfile.lock. Run 'pod install' or update your CocoaPods installation.\" >&2\n    exit 1\nfi\n# This output is used by Xcode 'outputs' to avoid re-running this script phase.\necho \"SUCCESS\" > \"${SCRIPT_OUTPUT_FILE_0}\"\n";
			showEnvVarsInLog = 0;
		};
		71A433BB48D98EAFDB213D21 /* [CP] Embed Pods Frameworks */ = {
			isa = PBXShellScriptBuildPhase;
			buildActionMask = 2147483647;
			files = (
			);
			inputFileListPaths = (
				"${PODS_ROOT}/Target Support Files/Pods-Cherry/Pods-Cherry-frameworks-${CONFIGURATION}-input-files.xcfilelist",
			);
			name = "[CP] Embed Pods Frameworks";
			outputFileListPaths = (
				"${PODS_ROOT}/Target Support Files/Pods-Cherry/Pods-Cherry-frameworks-${CONFIGURATION}-output-files.xcfilelist",
			);
			runOnlyForDeploymentPostprocessing = 0;
			shellPath = /bin/sh;
			shellScript = "\"${PODS_ROOT}/Target Support Files/Pods-Cherry/Pods-Cherry-frameworks.sh\"\n";
			showEnvVarsInLog = 0;
		};
		D8872CD33A6B1F8952FED348 /* [CP] Check Pods Manifest.lock */ = {
			isa = PBXShellScriptBuildPhase;
			buildActionMask = 2147483647;
			files = (
			);
			inputFileListPaths = (
			);
			inputPaths = (
				"${PODS_PODFILE_DIR_PATH}/Podfile.lock",
				"${PODS_ROOT}/Manifest.lock",
			);
			name = "[CP] Check Pods Manifest.lock";
			outputFileListPaths = (
			);
			outputPaths = (
				"$(DERIVED_FILE_DIR)/Pods-Cherry-CherryUITests-checkManifestLockResult.txt",
			);
			runOnlyForDeploymentPostprocessing = 0;
			shellPath = /bin/sh;
			shellScript = "diff \"${PODS_PODFILE_DIR_PATH}/Podfile.lock\" \"${PODS_ROOT}/Manifest.lock\" > /dev/null\nif [ $? != 0 ] ; then\n    # print error to STDERR\n    echo \"error: The sandbox is not in sync with the Podfile.lock. Run 'pod install' or update your CocoaPods installation.\" >&2\n    exit 1\nfi\n# This output is used by Xcode 'outputs' to avoid re-running this script phase.\necho \"SUCCESS\" > \"${SCRIPT_OUTPUT_FILE_0}\"\n";
			showEnvVarsInLog = 0;
		};
		DF133078A442057C483DCD9D /* [CP] Embed Pods Frameworks */ = {
			isa = PBXShellScriptBuildPhase;
			buildActionMask = 2147483647;
			files = (
			);
			inputFileListPaths = (
				"${PODS_ROOT}/Target Support Files/Pods-Cherry-CherryUITests/Pods-Cherry-CherryUITests-frameworks-${CONFIGURATION}-input-files.xcfilelist",
			);
			name = "[CP] Embed Pods Frameworks";
			outputFileListPaths = (
				"${PODS_ROOT}/Target Support Files/Pods-Cherry-CherryUITests/Pods-Cherry-CherryUITests-frameworks-${CONFIGURATION}-output-files.xcfilelist",
			);
			runOnlyForDeploymentPostprocessing = 0;
			shellPath = /bin/sh;
			shellScript = "\"${PODS_ROOT}/Target Support Files/Pods-Cherry-CherryUITests/Pods-Cherry-CherryUITests-frameworks.sh\"\n";
			showEnvVarsInLog = 0;
		};
		E0F5017B174F2BE755435B51 /* [CP] Check Pods Manifest.lock */ = {
			isa = PBXShellScriptBuildPhase;
			buildActionMask = 2147483647;
			files = (
			);
			inputFileListPaths = (
			);
			inputPaths = (
				"${PODS_PODFILE_DIR_PATH}/Podfile.lock",
				"${PODS_ROOT}/Manifest.lock",
			);
			name = "[CP] Check Pods Manifest.lock";
			outputFileListPaths = (
			);
			outputPaths = (
				"$(DERIVED_FILE_DIR)/Pods-Cherry-checkManifestLockResult.txt",
			);
			runOnlyForDeploymentPostprocessing = 0;
			shellPath = /bin/sh;
			shellScript = "diff \"${PODS_PODFILE_DIR_PATH}/Podfile.lock\" \"${PODS_ROOT}/Manifest.lock\" > /dev/null\nif [ $? != 0 ] ; then\n    # print error to STDERR\n    echo \"error: The sandbox is not in sync with the Podfile.lock. Run 'pod install' or update your CocoaPods installation.\" >&2\n    exit 1\nfi\n# This output is used by Xcode 'outputs' to avoid re-running this script phase.\necho \"SUCCESS\" > \"${SCRIPT_OUTPUT_FILE_0}\"\n";
			showEnvVarsInLog = 0;
		};
/* End PBXShellScriptBuildPhase section */

/* Begin PBXSourcesBuildPhase section */
		50D71B2F28BA04970030DE09 /* Sources */ = {
			isa = PBXSourcesBuildPhase;
			buildActionMask = 2147483647;
			files = (
				50B3247928E97B6C00F91AC8 /* TabBarViewController.swift in Sources */,
				50D71B3728BA04970030DE09 /* AppDelegate.swift in Sources */,
				50B3249828E984B800F91AC8 /* UILabelExtension.swift in Sources */,
				50B324A928E987B100F91AC8 /* HomeVC_Home.swift in Sources */,
				50B324A528E9878600F91AC8 /* ListVC_Home.swift in Sources */,
				D11D5A0529460D3300E2104E /* DateExtension.swift in Sources */,
				D11D5A032946084500E2104E /* UIButtonExtension.swift in Sources */,
				50B324BA28E993F800F91AC8 /* CherryDefine.swift in Sources */,
				D1D258972945F20A005458CA /* Configuration.swift in Sources */,
				D1D2589D294602AE005458CA /* DatePickerVC.swift in Sources */,
				D111A89E293B5B0A0005F5D2 /* UIViewExtension.swift in Sources */,
				D1D258912944773A005458CA /* UITextFieldExtension.swift in Sources */,
				50B324B028E987F400F91AC8 /* BaseVC.swift in Sources */,
				D1D258952945EFF5005458CA /* UITextViewExtension.swift in Sources */,
				50B324B628E98F4100F91AC8 /* UINavigationExtension.swift in Sources */,
				50B324BC28E9943A00F91AC8 /* UIColorExtension.swift in Sources */,
				50B324B328E9881000F91AC8 /* SettingVC_Home.swift in Sources */,
				D1D258932945EF06005458CA /* UISegmentedControlExtension.swift in Sources */,
				50B324AD28E987D200F91AC8 /* MoneyVC_Home.swift in Sources */,
			);
			runOnlyForDeploymentPostprocessing = 0;
		};
		50D71B4528BA04980030DE09 /* Sources */ = {
			isa = PBXSourcesBuildPhase;
			buildActionMask = 2147483647;
			files = (
				50D71B4E28BA04980030DE09 /* CherryTests.swift in Sources */,
			);
			runOnlyForDeploymentPostprocessing = 0;
		};
		50D71B4F28BA04980030DE09 /* Sources */ = {
			isa = PBXSourcesBuildPhase;
			buildActionMask = 2147483647;
			files = (
				50D71B5828BA04980030DE09 /* CherryUITests.swift in Sources */,
				50D71B5A28BA04980030DE09 /* CherryUITestsLaunchTests.swift in Sources */,
			);
			runOnlyForDeploymentPostprocessing = 0;
		};
/* End PBXSourcesBuildPhase section */

/* Begin PBXTargetDependency section */
		50D71B4B28BA04980030DE09 /* PBXTargetDependency */ = {
			isa = PBXTargetDependency;
			target = 50D71B3228BA04970030DE09 /* Cherry */;
			targetProxy = 50D71B4A28BA04980030DE09 /* PBXContainerItemProxy */;
		};
		50D71B5528BA04980030DE09 /* PBXTargetDependency */ = {
			isa = PBXTargetDependency;
			target = 50D71B3228BA04970030DE09 /* Cherry */;
			targetProxy = 50D71B5428BA04980030DE09 /* PBXContainerItemProxy */;
		};
/* End PBXTargetDependency section */

/* Begin PBXVariantGroup section */
		50B3247F28E9830400F91AC8 /* Localizable.strings */ = {
			isa = PBXVariantGroup;
			children = (
				50B3247E28E9830400F91AC8 /* en */,
				50B3249128E983C600F91AC8 /* zh-Hant */,
			);
			name = Localizable.strings;
			sourceTree = "<group>";
		};
		50B3249D28E985E300F91AC8 /* InfoPlist.strings */ = {
			isa = PBXVariantGroup;
			children = (
				50B3249C28E985E300F91AC8 /* en */,
				50B3249E28E985E600F91AC8 /* zh-Hant */,
			);
			name = InfoPlist.strings;
			sourceTree = "<group>";
		};
		50D71B4128BA04980030DE09 /* LaunchScreen.storyboard */ = {
			isa = PBXVariantGroup;
			children = (
				50D71B4228BA04980030DE09 /* Base */,
				50B3247A28E982A400F91AC8 /* zh-Hant */,
			);
			name = LaunchScreen.storyboard;
			sourceTree = "<group>";
		};
/* End PBXVariantGroup section */

/* Begin XCBuildConfiguration section */
		50D71B5B28BA04980030DE09 /* Debug */ = {
			isa = XCBuildConfiguration;
			buildSettings = {
				ALWAYS_SEARCH_USER_PATHS = NO;
				CLANG_ANALYZER_LOCALIZABILITY_NONLOCALIZED = YES;
				CLANG_ANALYZER_NONNULL = YES;
				CLANG_ANALYZER_NUMBER_OBJECT_CONVERSION = YES_AGGRESSIVE;
				CLANG_CXX_LANGUAGE_STANDARD = "gnu++17";
				CLANG_ENABLE_MODULES = YES;
				CLANG_ENABLE_OBJC_ARC = YES;
				CLANG_ENABLE_OBJC_WEAK = YES;
				CLANG_WARN_BLOCK_CAPTURE_AUTORELEASING = YES;
				CLANG_WARN_BOOL_CONVERSION = YES;
				CLANG_WARN_COMMA = YES;
				CLANG_WARN_CONSTANT_CONVERSION = YES;
				CLANG_WARN_DEPRECATED_OBJC_IMPLEMENTATIONS = YES;
				CLANG_WARN_DIRECT_OBJC_ISA_USAGE = YES_ERROR;
				CLANG_WARN_DOCUMENTATION_COMMENTS = YES;
				CLANG_WARN_EMPTY_BODY = YES;
				CLANG_WARN_ENUM_CONVERSION = YES;
				CLANG_WARN_INFINITE_RECURSION = YES;
				CLANG_WARN_INT_CONVERSION = YES;
				CLANG_WARN_NON_LITERAL_NULL_CONVERSION = YES;
				CLANG_WARN_OBJC_IMPLICIT_RETAIN_SELF = YES;
				CLANG_WARN_OBJC_LITERAL_CONVERSION = YES;
				CLANG_WARN_OBJC_ROOT_CLASS = YES_ERROR;
				CLANG_WARN_QUOTED_INCLUDE_IN_FRAMEWORK_HEADER = YES;
				CLANG_WARN_RANGE_LOOP_ANALYSIS = YES;
				CLANG_WARN_STRICT_PROTOTYPES = YES;
				CLANG_WARN_SUSPICIOUS_MOVE = YES;
				CLANG_WARN_UNGUARDED_AVAILABILITY = YES_AGGRESSIVE;
				CLANG_WARN_UNREACHABLE_CODE = YES;
				CLANG_WARN__DUPLICATE_METHOD_MATCH = YES;
				COPY_PHASE_STRIP = NO;
				DEBUG_INFORMATION_FORMAT = dwarf;
				ENABLE_STRICT_OBJC_MSGSEND = YES;
				ENABLE_TESTABILITY = YES;
				GCC_C_LANGUAGE_STANDARD = gnu11;
				GCC_DYNAMIC_NO_PIC = NO;
				GCC_NO_COMMON_BLOCKS = YES;
				GCC_OPTIMIZATION_LEVEL = 0;
				GCC_PREPROCESSOR_DEFINITIONS = (
					"DEBUG=1",
					"$(inherited)",
				);
				GCC_WARN_64_TO_32_BIT_CONVERSION = YES;
				GCC_WARN_ABOUT_RETURN_TYPE = YES_ERROR;
				GCC_WARN_UNDECLARED_SELECTOR = YES;
				GCC_WARN_UNINITIALIZED_AUTOS = YES_AGGRESSIVE;
				GCC_WARN_UNUSED_FUNCTION = YES;
				GCC_WARN_UNUSED_VARIABLE = YES;
				IPHONEOS_DEPLOYMENT_TARGET = 15.5;
				MTL_ENABLE_DEBUG_INFO = INCLUDE_SOURCE;
				MTL_FAST_MATH = YES;
				ONLY_ACTIVE_ARCH = YES;
				SDKROOT = iphoneos;
				SWIFT_ACTIVE_COMPILATION_CONDITIONS = DEBUG;
				SWIFT_OPTIMIZATION_LEVEL = "-Onone";
			};
			name = Debug;
		};
		50D71B5C28BA04980030DE09 /* Release */ = {
			isa = XCBuildConfiguration;
			buildSettings = {
				ALWAYS_SEARCH_USER_PATHS = NO;
				CLANG_ANALYZER_LOCALIZABILITY_NONLOCALIZED = YES;
				CLANG_ANALYZER_NONNULL = YES;
				CLANG_ANALYZER_NUMBER_OBJECT_CONVERSION = YES_AGGRESSIVE;
				CLANG_CXX_LANGUAGE_STANDARD = "gnu++17";
				CLANG_ENABLE_MODULES = YES;
				CLANG_ENABLE_OBJC_ARC = YES;
				CLANG_ENABLE_OBJC_WEAK = YES;
				CLANG_WARN_BLOCK_CAPTURE_AUTORELEASING = YES;
				CLANG_WARN_BOOL_CONVERSION = YES;
				CLANG_WARN_COMMA = YES;
				CLANG_WARN_CONSTANT_CONVERSION = YES;
				CLANG_WARN_DEPRECATED_OBJC_IMPLEMENTATIONS = YES;
				CLANG_WARN_DIRECT_OBJC_ISA_USAGE = YES_ERROR;
				CLANG_WARN_DOCUMENTATION_COMMENTS = YES;
				CLANG_WARN_EMPTY_BODY = YES;
				CLANG_WARN_ENUM_CONVERSION = YES;
				CLANG_WARN_INFINITE_RECURSION = YES;
				CLANG_WARN_INT_CONVERSION = YES;
				CLANG_WARN_NON_LITERAL_NULL_CONVERSION = YES;
				CLANG_WARN_OBJC_IMPLICIT_RETAIN_SELF = YES;
				CLANG_WARN_OBJC_LITERAL_CONVERSION = YES;
				CLANG_WARN_OBJC_ROOT_CLASS = YES_ERROR;
				CLANG_WARN_QUOTED_INCLUDE_IN_FRAMEWORK_HEADER = YES;
				CLANG_WARN_RANGE_LOOP_ANALYSIS = YES;
				CLANG_WARN_STRICT_PROTOTYPES = YES;
				CLANG_WARN_SUSPICIOUS_MOVE = YES;
				CLANG_WARN_UNGUARDED_AVAILABILITY = YES_AGGRESSIVE;
				CLANG_WARN_UNREACHABLE_CODE = YES;
				CLANG_WARN__DUPLICATE_METHOD_MATCH = YES;
				COPY_PHASE_STRIP = NO;
				DEBUG_INFORMATION_FORMAT = "dwarf-with-dsym";
				ENABLE_NS_ASSERTIONS = NO;
				ENABLE_STRICT_OBJC_MSGSEND = YES;
				GCC_C_LANGUAGE_STANDARD = gnu11;
				GCC_NO_COMMON_BLOCKS = YES;
				GCC_WARN_64_TO_32_BIT_CONVERSION = YES;
				GCC_WARN_ABOUT_RETURN_TYPE = YES_ERROR;
				GCC_WARN_UNDECLARED_SELECTOR = YES;
				GCC_WARN_UNINITIALIZED_AUTOS = YES_AGGRESSIVE;
				GCC_WARN_UNUSED_FUNCTION = YES;
				GCC_WARN_UNUSED_VARIABLE = YES;
				IPHONEOS_DEPLOYMENT_TARGET = 15.5;
				MTL_ENABLE_DEBUG_INFO = NO;
				MTL_FAST_MATH = YES;
				SDKROOT = iphoneos;
				SWIFT_COMPILATION_MODE = wholemodule;
				SWIFT_OPTIMIZATION_LEVEL = "-O";
				VALIDATE_PRODUCT = YES;
			};
			name = Release;
		};
		50D71B5E28BA04980030DE09 /* Debug */ = {
			isa = XCBuildConfiguration;
			baseConfigurationReference = 551862645CF1FD66492D020B /* Pods-Cherry.debug.xcconfig */;
			buildSettings = {
				ASSETCATALOG_COMPILER_APPICON_NAME = AppIcon;
				ASSETCATALOG_COMPILER_GLOBAL_ACCENT_COLOR_NAME = AccentColor;
				CODE_SIGN_STYLE = Automatic;
				CURRENT_PROJECT_VERSION = 1;
				DEVELOPMENT_TEAM = XLJ6B9235Z;
				GENERATE_INFOPLIST_FILE = YES;
				INFOPLIST_FILE = Cherry/Info.plist;
				INFOPLIST_KEY_CFBundleDisplayName = "飲食小幫手";
				INFOPLIST_KEY_LSApplicationCategoryType = "public.app-category.entertainment";
				INFOPLIST_KEY_UIApplicationSupportsIndirectInputEvents = YES;
				INFOPLIST_KEY_UILaunchStoryboardName = LaunchScreen.storyboard;
				INFOPLIST_KEY_UISupportedInterfaceOrientations = UIInterfaceOrientationPortrait;
				INFOPLIST_KEY_UISupportedInterfaceOrientations_iPad = "UIInterfaceOrientationLandscapeLeft UIInterfaceOrientationLandscapeRight UIInterfaceOrientationPortrait UIInterfaceOrientationPortraitUpsideDown";
				IPHONEOS_DEPLOYMENT_TARGET = 13.0;
				LD_RUNPATH_SEARCH_PATHS = (
					"$(inherited)",
					"@executable_path/Frameworks",
				);
				MARKETING_VERSION = 1.0;
				PRODUCT_BUNDLE_IDENTIFIER = tw.com.doubleB.Cherry;
				PRODUCT_NAME = "$(TARGET_NAME)";
				SWIFT_EMIT_LOC_STRINGS = YES;
				SWIFT_VERSION = 5.0;
				TARGETED_DEVICE_FAMILY = "1,2";
			};
			name = Debug;
		};
		50D71B5F28BA04980030DE09 /* Release */ = {
			isa = XCBuildConfiguration;
			baseConfigurationReference = AB9F048C98367531EA80BD58 /* Pods-Cherry.release.xcconfig */;
			buildSettings = {
				ASSETCATALOG_COMPILER_APPICON_NAME = AppIcon;
				ASSETCATALOG_COMPILER_GLOBAL_ACCENT_COLOR_NAME = AccentColor;
				CODE_SIGN_STYLE = Automatic;
				CURRENT_PROJECT_VERSION = 1;
				DEVELOPMENT_TEAM = XLJ6B9235Z;
				GENERATE_INFOPLIST_FILE = YES;
				INFOPLIST_FILE = Cherry/Info.plist;
				INFOPLIST_KEY_CFBundleDisplayName = "飲食小幫手";
				INFOPLIST_KEY_LSApplicationCategoryType = "public.app-category.entertainment";
				INFOPLIST_KEY_UIApplicationSupportsIndirectInputEvents = YES;
				INFOPLIST_KEY_UILaunchStoryboardName = LaunchScreen.storyboard;
				INFOPLIST_KEY_UISupportedInterfaceOrientations = UIInterfaceOrientationPortrait;
				INFOPLIST_KEY_UISupportedInterfaceOrientations_iPad = "UIInterfaceOrientationLandscapeLeft UIInterfaceOrientationLandscapeRight UIInterfaceOrientationPortrait UIInterfaceOrientationPortraitUpsideDown";
				IPHONEOS_DEPLOYMENT_TARGET = 13.0;
				LD_RUNPATH_SEARCH_PATHS = (
					"$(inherited)",
					"@executable_path/Frameworks",
				);
				MARKETING_VERSION = 1.0;
				PRODUCT_BUNDLE_IDENTIFIER = tw.com.doubleB.Cherry;
				PRODUCT_NAME = "$(TARGET_NAME)";
				SWIFT_EMIT_LOC_STRINGS = YES;
				SWIFT_VERSION = 5.0;
				TARGETED_DEVICE_FAMILY = "1,2";
			};
			name = Release;
		};
		50D71B6128BA04980030DE09 /* Debug */ = {
			isa = XCBuildConfiguration;
			baseConfigurationReference = E2586947A64DE917B2733F97 /* Pods-CherryTests.debug.xcconfig */;
			buildSettings = {
				ALWAYS_EMBED_SWIFT_STANDARD_LIBRARIES = YES;
				BUNDLE_LOADER = "$(TEST_HOST)";
				CODE_SIGN_STYLE = Automatic;
				CURRENT_PROJECT_VERSION = 1;
				DEVELOPMENT_TEAM = XLJ6B9235Z;
				GENERATE_INFOPLIST_FILE = YES;
				IPHONEOS_DEPLOYMENT_TARGET = 15.5;
				MARKETING_VERSION = 1.0;
				PRODUCT_BUNDLE_IDENTIFIER = tw.com.doubleB.CherryTests;
				PRODUCT_NAME = "$(TARGET_NAME)";
				SWIFT_EMIT_LOC_STRINGS = NO;
				SWIFT_VERSION = 5.0;
				TARGETED_DEVICE_FAMILY = "1,2";
				TEST_HOST = "$(BUILT_PRODUCTS_DIR)/Cherry.app/Cherry";
			};
			name = Debug;
		};
		50D71B6228BA04980030DE09 /* Release */ = {
			isa = XCBuildConfiguration;
			baseConfigurationReference = 3E0042FE71DFC49350EE5F2D /* Pods-CherryTests.release.xcconfig */;
			buildSettings = {
				ALWAYS_EMBED_SWIFT_STANDARD_LIBRARIES = YES;
				BUNDLE_LOADER = "$(TEST_HOST)";
				CODE_SIGN_STYLE = Automatic;
				CURRENT_PROJECT_VERSION = 1;
				DEVELOPMENT_TEAM = XLJ6B9235Z;
				GENERATE_INFOPLIST_FILE = YES;
				IPHONEOS_DEPLOYMENT_TARGET = 15.5;
				MARKETING_VERSION = 1.0;
				PRODUCT_BUNDLE_IDENTIFIER = tw.com.doubleB.CherryTests;
				PRODUCT_NAME = "$(TARGET_NAME)";
				SWIFT_EMIT_LOC_STRINGS = NO;
				SWIFT_VERSION = 5.0;
				TARGETED_DEVICE_FAMILY = "1,2";
				TEST_HOST = "$(BUILT_PRODUCTS_DIR)/Cherry.app/Cherry";
			};
			name = Release;
		};
		50D71B6428BA04980030DE09 /* Debug */ = {
			isa = XCBuildConfiguration;
			baseConfigurationReference = AFD959A698572654F4835E3C /* Pods-Cherry-CherryUITests.debug.xcconfig */;
			buildSettings = {
				ALWAYS_EMBED_SWIFT_STANDARD_LIBRARIES = YES;
				CODE_SIGN_STYLE = Automatic;
				CURRENT_PROJECT_VERSION = 1;
				DEVELOPMENT_TEAM = XLJ6B9235Z;
				GENERATE_INFOPLIST_FILE = YES;
				MARKETING_VERSION = 1.0;
				PRODUCT_BUNDLE_IDENTIFIER = tw.com.doubleB.CherryUITests;
				PRODUCT_NAME = "$(TARGET_NAME)";
				SWIFT_EMIT_LOC_STRINGS = NO;
				SWIFT_VERSION = 5.0;
				TARGETED_DEVICE_FAMILY = "1,2";
				TEST_TARGET_NAME = Cherry;
			};
			name = Debug;
		};
		50D71B6528BA04980030DE09 /* Release */ = {
			isa = XCBuildConfiguration;
			baseConfigurationReference = 4F20A42BABED88CF451E4201 /* Pods-Cherry-CherryUITests.release.xcconfig */;
			buildSettings = {
				ALWAYS_EMBED_SWIFT_STANDARD_LIBRARIES = YES;
				CODE_SIGN_STYLE = Automatic;
				CURRENT_PROJECT_VERSION = 1;
				DEVELOPMENT_TEAM = XLJ6B9235Z;
				GENERATE_INFOPLIST_FILE = YES;
				MARKETING_VERSION = 1.0;
				PRODUCT_BUNDLE_IDENTIFIER = tw.com.doubleB.CherryUITests;
				PRODUCT_NAME = "$(TARGET_NAME)";
				SWIFT_EMIT_LOC_STRINGS = NO;
				SWIFT_VERSION = 5.0;
				TARGETED_DEVICE_FAMILY = "1,2";
				TEST_TARGET_NAME = Cherry;
			};
			name = Release;
		};
/* End XCBuildConfiguration section */

/* Begin XCConfigurationList section */
		50D71B2E28BA04970030DE09 /* Build configuration list for PBXProject "Cherry" */ = {
			isa = XCConfigurationList;
			buildConfigurations = (
				50D71B5B28BA04980030DE09 /* Debug */,
				50D71B5C28BA04980030DE09 /* Release */,
			);
			defaultConfigurationIsVisible = 0;
			defaultConfigurationName = Release;
		};
		50D71B5D28BA04980030DE09 /* Build configuration list for PBXNativeTarget "Cherry" */ = {
			isa = XCConfigurationList;
			buildConfigurations = (
				50D71B5E28BA04980030DE09 /* Debug */,
				50D71B5F28BA04980030DE09 /* Release */,
			);
			defaultConfigurationIsVisible = 0;
			defaultConfigurationName = Release;
		};
		50D71B6028BA04980030DE09 /* Build configuration list for PBXNativeTarget "CherryTests" */ = {
			isa = XCConfigurationList;
			buildConfigurations = (
				50D71B6128BA04980030DE09 /* Debug */,
				50D71B6228BA04980030DE09 /* Release */,
			);
			defaultConfigurationIsVisible = 0;
			defaultConfigurationName = Release;
		};
		50D71B6328BA04980030DE09 /* Build configuration list for PBXNativeTarget "CherryUITests" */ = {
			isa = XCConfigurationList;
			buildConfigurations = (
				50D71B6428BA04980030DE09 /* Debug */,
				50D71B6528BA04980030DE09 /* Release */,
			);
			defaultConfigurationIsVisible = 0;
			defaultConfigurationName = Release;
		};
/* End XCConfigurationList section */
	};
	rootObject = 50D71B2B28BA04970030DE09 /* Project object */;
}
